
Microsoft Visual Studio Solution File, Format Version 12.00
# Visual Studio 15
VisualStudioVersion = 15.0.28307.1433
MinimumVisualStudioVersion = 10.0.40219.1
Project("{9A19103F-16F7-4668-BE54-9A1E7A4F7556}") = "ResLibrary", "ConsoleApp4\ResLibrary.csproj", "{F9ABDE31-2A2A-4350-8703-50D566F988FD}"
EndProject
Project("{9A19103F-16F7-4668-BE54-9A1E7A4F7556}") = "UnitTestProject2", "UnitTestProject2\UnitTestProject2.csproj", "{D92351B4-DC98-49AB-AC49-3F94503FE45B}"
EndProject
Project("{9A19103F-16F7-4668-BE54-9A1E7A4F7556}") = "ConsoleTestApp1", "ConsoleTestApp1\ConsoleTestApp1.csproj", "{48703382-2215-4AD5-8F04-714E579B1B22}"
EndProject
Global
	GlobalSection(SolutionConfigurationPlatforms) = preSolution
		Debug|Any CPU = Debug|Any CPU
		Release|Any CPU = Release|Any CPU
	EndGlobalSection
	GlobalSection(ProjectConfigurationPlatforms) = postSolution
		{F9ABDE31-2A2A-4350-8703-50D566F988FD}.Debug|Any CPU.ActiveCfg = Debug|Any CPU
		{F9ABDE31-2A2A-4350-8703-50D566F988FD}.Debug|Any CPU.Build.0 = Debug|Any CPU
		{F9ABDE31-2A2A-4350-8703-50D566F988FD}.Release|Any CPU.ActiveCfg = Release|Any CPU
		{F9ABDE31-2A2A-4350-8703-50D566F988FD}.Release|Any CPU.Build.0 = Release|Any CPU
		{D92351B4-DC98-49AB-AC49-3F94503FE45B}.Debug|Any CPU.ActiveCfg = Debug|Any CPU
		{D92351B4-DC98-49AB-AC49-3F94503FE45B}.Debug|Any CPU.Build.0 = Debug|Any CPU
		{D92351B4-DC98-49AB-AC49-3F94503FE45B}.Release|Any CPU.ActiveCfg = Release|Any CPU
		{D92351B4-DC98-49AB-AC49-3F94503FE45B}.Release|Any CPU.Build.0 = Release|Any CPU
		{48703382-2215-4AD5-8F04-714E579B1B22}.Debug|Any CPU.ActiveCfg = Debug|Any CPU
		{48703382-2215-4AD5-8F04-714E579B1B22}.Debug|Any CPU.Build.0 = Debug|Any CPU
		{48703382-2215-4AD5-8F04-714E579B1B22}.Release|Any CPU.ActiveCfg = Release|Any CPU
		{48703382-2215-4AD5-8F04-714E579B1B22}.Release|Any CPU.Build.0 = Release|Any CPU
	EndGlobalSection
	GlobalSection(SolutionProperties) = preSolution
		HideSolutionNode = FALSE
	EndGlobalSection
	GlobalSection(ExtensibilityGlobals) = postSolution
		SolutionGuid = {F7A1FCCC-D8D5-40F0-A3FC-F0885DFEE264}
	EndGlobalSection
EndGlobal
